// !$*UTF8*$!
{
	archiveVersion = 1;
	classes = {
	};
	objectVersion = 50;
	objects = {

/* Begin PBXBuildFile section */
		E768659C25810BB500D45330 /* AppDelegate.m in Sources */ = {isa = PBXBuildFile; fileRef = E768659B25810BB500D45330 /* AppDelegate.m */; };
		E768659F25810BB500D45330 /* SceneDelegate.m in Sources */ = {isa = PBXBuildFile; fileRef = E768659E25810BB500D45330 /* SceneDelegate.m */; };
		E76865A225810BB500D45330 /* ViewController.m in Sources */ = {isa = PBXBuildFile; fileRef = E76865A125810BB500D45330 /* ViewController.m */; };
		E76865A525810BB500D45330 /* Main.storyboard in Resources */ = {isa = PBXBuildFile; fileRef = E76865A325810BB500D45330 /* Main.storyboard */; };
		E76865A725810BB600D45330 /* Assets.xcassets in Resources */ = {isa = PBXBuildFile; fileRef = E76865A625810BB600D45330 /* Assets.xcassets */; };
		E76865AA25810BB600D45330 /* LaunchScreen.storyboard in Resources */ = {isa = PBXBuildFile; fileRef = E76865A825810BB600D45330 /* LaunchScreen.storyboard */; };
		E76865AD25810BB600D45330 /* main.m in Sources */ = {isa = PBXBuildFile; fileRef = E76865AC25810BB600D45330 /* main.m */; };
		E76865B725810BB600D45330 /* WeiboTests.m in Sources */ = {isa = PBXBuildFile; fileRef = E76865B625810BB600D45330 /* WeiboTests.m */; };
		E76865C225810BB600D45330 /* WeiboUITests.m in Sources */ = {isa = PBXBuildFile; fileRef = E76865C125810BB600D45330 /* WeiboUITests.m */; };
/* End PBXBuildFile section */

/* Begin PBXContainerItemProxy section */
		E76865B325810BB600D45330 /* PBXContainerItemProxy */ = {
			isa = PBXContainerItemProxy;
			containerPortal = E768658F25810BB500D45330 /* Project object */;
			proxyType = 1;
			remoteGlobalIDString = E768659625810BB500D45330;
			remoteInfo = Weibo;
		};
		E76865BE25810BB600D45330 /* PBXContainerItemProxy */ = {
			isa = PBXContainerItemProxy;
			containerPortal = E768658F25810BB500D45330 /* Project object */;
			proxyType = 1;
			remoteGlobalIDString = E768659625810BB500D45330;
			remoteInfo = Weibo;
		};
/* End PBXContainerItemProxy section */

/* Begin PBXFileReference section */
		E768659725810BB500D45330 /* Weibo.app */ = {isa = PBXFileReference; explicitFileType = wrapper.application; includeInIndex = 0; path = Weibo.app; sourceTree = BUILT_PRODUCTS_DIR; };
		E768659A25810BB500D45330 /* AppDelegate.h */ = {isa = PBXFileReference; lastKnownFileType = sourcecode.c.h; path = AppDelegate.h; sourceTree = "<group>"; };
		E768659B25810BB500D45330 /* AppDelegate.m */ = {isa = PBXFileReference; lastKnownFileType = sourcecode.c.objc; path = AppDelegate.m; sourceTree = "<group>"; };
		E768659D25810BB500D45330 /* SceneDelegate.h */ = {isa = PBXFileReference; lastKnownFileType = sourcecode.c.h; path = SceneDelegate.h; sourceTree = "<group>"; };
		E768659E25810BB500D45330 /* SceneDelegate.m */ = {isa = PBXFileReference; lastKnownFileType = sourcecode.c.objc; path = SceneDelegate.m; sourceTree = "<group>"; };
		E76865A025810BB500D45330 /* ViewController.h */ = {isa = PBXFileReference; lastKnownFileType = sourcecode.c.h; path = ViewController.h; sourceTree = "<group>"; };
		E76865A125810BB500D45330 /* ViewController.m */ = {isa = PBXFileReference; lastKnownFileType = sourcecode.c.objc; path = ViewController.m; sourceTree = "<group>"; };
		E76865A425810BB500D45330 /* Base */ = {isa = PBXFileReference; lastKnownFileType = file.storyboard; name = Base; path = Base.lproj/Main.storyboard; sourceTree = "<group>"; };
		E76865A625810BB600D45330 /* Assets.xcassets */ = {isa = PBXFileReference; lastKnownFileType = folder.assetcatalog; path = Assets.xcassets; sourceTree = "<group>"; };
		E76865A925810BB600D45330 /* Base */ = {isa = PBXFileReference; lastKnownFileType = file.storyboard; name = Base; path = Base.lproj/LaunchScreen.storyboard; sourceTree = "<group>"; };
		E76865AB25810BB600D45330 /* Info.plist */ = {isa = PBXFileReference; lastKnownFileType = text.plist.xml; path = Info.plist; sourceTree = "<group>"; };
		E76865AC25810BB600D45330 /* main.m */ = {isa = PBXFileReference; lastKnownFileType = sourcecode.c.objc; path = main.m; sourceTree = "<group>"; };
		E76865B225810BB600D45330 /* WeiboTests.xctest */ = {isa = PBXFileReference; explicitFileType = wrapper.cfbundle; includeInIndex = 0; path = WeiboTests.xctest; sourceTree = BUILT_PRODUCTS_DIR; };
		E76865B625810BB600D45330 /* WeiboTests.m */ = {isa = PBXFileReference; lastKnownFileType = sourcecode.c.objc; path = WeiboTests.m; sourceTree = "<group>"; };
		E76865B825810BB600D45330 /* Info.plist */ = {isa = PBXFileReference; lastKnownFileType = text.plist.xml; path = Info.plist; sourceTree = "<group>"; };
		E76865BD25810BB600D45330 /* WeiboUITests.xctest */ = {isa = PBXFileReference; explicitFileType = wrapper.cfbundle; includeInIndex = 0; path = WeiboUITests.xctest; sourceTree = BUILT_PRODUCTS_DIR; };
		E76865C125810BB600D45330 /* WeiboUITests.m */ = {isa = PBXFileReference; lastKnownFileType = sourcecode.c.objc; path = WeiboUITests.m; sourceTree = "<group>"; };
		E76865C325810BB600D45330 /* Info.plist */ = {isa = PBXFileReference; lastKnownFileType = text.plist.xml; path = Info.plist; sourceTree = "<group>"; };
/* End PBXFileReference section */

/* Begin PBXFrameworksBuildPhase section */
		E768659425810BB500D45330 /* Frameworks */ = {
			isa = PBXFrameworksBuildPhase;
			buildActionMask = 2147483647;
			files = (
			);
			runOnlyForDeploymentPostprocessing = 0;
		};
		E76865AF25810BB600D45330 /* Frameworks */ = {
			isa = PBXFrameworksBuildPhase;
			buildActionMask = 2147483647;
			files = (
			);
			runOnlyForDeploymentPostprocessing = 0;
		};
		E76865BA25810BB600D45330 /* Frameworks */ = {
			isa = PBXFrameworksBuildPhase;
			buildActionMask = 2147483647;
			files = (
			);
			runOnlyForDeploymentPostprocessing = 0;
		};
/* End PBXFrameworksBuildPhase section */

/* Begin PBXGroup section */
		E768658E25810BB500D45330 = {
			isa = PBXGroup;
			children = (
				E768659925810BB500D45330 /* Weibo */,
				E76865B525810BB600D45330 /* WeiboTests */,
				E76865C025810BB600D45330 /* WeiboUITests */,
				E768659825810BB500D45330 /* Products */,
			);
			sourceTree = "<group>";
		};
		E768659825810BB500D45330 /* Products */ = {
			isa = PBXGroup;
			children = (
				E768659725810BB500D45330 /* Weibo.app */,
				E76865B225810BB600D45330 /* WeiboTests.xctest */,
				E76865BD25810BB600D45330 /* WeiboUITests.xctest */,
			);
			name = Products;
			sourceTree = "<group>";
		};
		E768659925810BB500D45330 /* Weibo */ = {
			isa = PBXGroup;
			children = (
				E768659A25810BB500D45330 /* AppDelegate.h */,
				E768659B25810BB500D45330 /* AppDelegate.m */,
				E768659D25810BB500D45330 /* SceneDelegate.h */,
				E768659E25810BB500D45330 /* SceneDelegate.m */,
				E76865A025810BB500D45330 /* ViewController.h */,
				E76865A125810BB500D45330 /* ViewController.m */,
				E76865A325810BB500D45330 /* Main.storyboard */,
				E76865A625810BB600D45330 /* Assets.xcassets */,
				E76865A825810BB600D45330 /* LaunchScreen.storyboard */,
				E76865AB25810BB600D45330 /* Info.plist */,
				E76865AC25810BB600D45330 /* main.m */,
			);
			path = Weibo;
			sourceTree = "<group>";
		};
		E76865B525810BB600D45330 /* WeiboTests */ = {
			isa = PBXGroup;
			children = (
				E76865B625810BB600D45330 /* WeiboTests.m */,
				E76865B825810BB600D45330 /* Info.plist */,
			);
			path = WeiboTests;
			sourceTree = "<group>";
		};
		E76865C025810BB600D45330 /* WeiboUITests */ = {
			isa = PBXGroup;
			children = (
				E76865C125810BB600D45330 /* WeiboUITests.m */,
				E76865C325810BB600D45330 /* Info.plist */,
			);
			path = WeiboUITests;
			sourceTree = "<group>";
		};
/* End PBXGroup section */

/* Begin PBXNativeTarget section */
		E768659625810BB500D45330 /* Weibo */ = {
			isa = PBXNativeTarget;
			buildConfigurationList = E76865C625810BB600D45330 /* Build configuration list for PBXNativeTarget "Weibo" */;
			buildPhases = (
				E768659325810BB500D45330 /* Sources */,
				E768659425810BB500D45330 /* Frameworks */,
				E768659525810BB500D45330 /* Resources */,
			);
			buildRules = (
			);
			dependencies = (
			);
			name = Weibo;
			productName = Weibo;
			productReference = E768659725810BB500D45330 /* Weibo.app */;
			productType = "com.apple.product-type.application";
		};
		E76865B125810BB600D45330 /* WeiboTests */ = {
			isa = PBXNativeTarget;
			buildConfigurationList = E76865C925810BB600D45330 /* Build configuration list for PBXNativeTarget "WeiboTests" */;
			buildPhases = (
				E76865AE25810BB600D45330 /* Sources */,
				E76865AF25810BB600D45330 /* Frameworks */,
				E76865B025810BB600D45330 /* Resources */,
			);
			buildRules = (
			);
			dependencies = (
				E76865B425810BB600D45330 /* PBXTargetDependency */,
			);
			name = WeiboTests;
			productName = WeiboTests;
			productReference = E76865B225810BB600D45330 /* WeiboTests.xctest */;
			productType = "com.apple.product-type.bundle.unit-test";
		};
		E76865BC25810BB600D45330 /* WeiboUITests */ = {
			isa = PBXNativeTarget;
			buildConfigurationList = E76865CC25810BB600D45330 /* Build configuration list for PBXNativeTarget "WeiboUITests" */;
			buildPhases = (
				E76865B925810BB600D45330 /* Sources */,
				E76865BA25810BB600D45330 /* Frameworks */,
				E76865BB25810BB600D45330 /* Resources */,
			);
			buildRules = (
			);
			dependencies = (
				E76865BF25810BB600D45330 /* PBXTargetDependency */,
			);
			name = WeiboUITests;
			productName = WeiboUITests;
			productReference = E76865BD25810BB600D45330 /* WeiboUITests.xctest */;
			productType = "com.apple.product-type.bundle.ui-testing";
		};
/* End PBXNativeTarget section */

/* Begin PBXProject section */
		E768658F25810BB500D45330 /* Project object */ = {
			isa = PBXProject;
			attributes = {
				LastUpgradeCheck = 1220;
				TargetAttributes = {
					E768659625810BB500D45330 = {
						CreatedOnToolsVersion = 12.2;
					};
					E76865B125810BB600D45330 = {
						CreatedOnToolsVersion = 12.2;
						TestTargetID = E768659625810BB500D45330;
					};
					E76865BC25810BB600D45330 = {
						CreatedOnToolsVersion = 12.2;
						TestTargetID = E768659625810BB500D45330;
					};
				};
			};
			buildConfigurationList = E768659225810BB500D45330 /* Build configuration list for PBXProject "Weibo" */;
			compatibilityVersion = "Xcode 9.3";
			developmentRegion = en;
			hasScannedForEncodings = 0;
			knownRegions = (
				en,
				Base,
			);
			mainGroup = E768658E25810BB500D45330;
			productRefGroup = E768659825810BB500D45330 /* Products */;
			projectDirPath = "";
			projectRoot = "";
			targets = (
				E768659625810BB500D45330 /* Weibo */,
				E76865B125810BB600D45330 /* WeiboTests */,
				E76865BC25810BB600D45330 /* WeiboUITests */,
			);
		};
/* End PBXProject section */

/* Begin PBXResourcesBuildPhase section */
		E768659525810BB500D45330 /* Resources */ = {
			isa = PBXResourcesBuildPhase;
			buildActionMask = 2147483647;
			files = (
				E76865AA25810BB600D45330 /* LaunchScreen.storyboard in Resources */,
				E76865A725810BB600D45330 /* Assets.xcassets in Resources */,
				E76865A525810BB500D45330 /* Main.storyboard in Resources */,
			);
			runOnlyForDeploymentPostprocessing = 0;
		};
		E76865B025810BB600D45330 /* Resources */ = {
			isa = PBXResourcesBuildPhase;
			buildActionMask = 2147483647;
			files = (
			);
			runOnlyForDeploymentPostprocessing = 0;
		};
		E76865BB25810BB600D45330 /* Resources */ = {
			isa = PBXResourcesBuildPhase;
			buildActionMask = 2147483647;
			files = (
			);
			runOnlyForDeploymentPostprocessing = 0;
		};
/* End PBXResourcesBuildPhase section */

/* Begin PBXSourcesBuildPhase section */
		E768659325810BB500D45330 /* Sources */ = {
			isa = PBXSourcesBuildPhase;
			buildActionMask = 2147483647;
			files = (
				E76865A225810BB500D45330 /* ViewController.m in Sources */,
				E768659C25810BB500D45330 /* AppDelegate.m in Sources */,
				E76865AD25810BB600D45330 /* main.m in Sources */,
				E768659F25810BB500D45330 /* SceneDelegate.m in Sources */,
			);
			runOnlyForDeploymentPostprocessing = 0;
		};
		E76865AE25810BB600D45330 /* Sources */ = {
			isa = PBXSourcesBuildPhase;
			buildActionMask = 2147483647;
			files = (
				E76865B725810BB600D45330 /* WeiboTests.m in Sources */,
			);
			runOnlyForDeploymentPostprocessing = 0;
		};
		E76865B925810BB600D45330 /* Sources */ = {
			isa = PBXSourcesBuildPhase;
			buildActionMask = 2147483647;
			files = (
				E76865C225810BB600D45330 /* WeiboUITests.m in Sources */,
			);
			runOnlyForDeploymentPostprocessing = 0;
		};
/* End PBXSourcesBuildPhase section */

/* Begin PBXTargetDependency section */
		E76865B425810BB600D45330 /* PBXTargetDependency */ = {
			isa = PBXTargetDependency;
			target = E768659625810BB500D45330 /* Weibo */;
			targetProxy = E76865B325810BB600D45330 /* PBXContainerItemProxy */;
		};
		E76865BF25810BB600D45330 /* PBXTargetDependency */ = {
			isa = PBXTargetDependency;
			target = E768659625810BB500D45330 /* Weibo */;
			targetProxy = E76865BE25810BB600D45330 /* PBXContainerItemProxy */;
		};
/* End PBXTargetDependency section */

/* Begin PBXVariantGroup section */
		E76865A325810BB500D45330 /* Main.storyboard */ = {
			isa = PBXVariantGroup;
			children = (
				E76865A425810BB500D45330 /* Base */,
			);
			name = Main.storyboard;
			sourceTree = "<group>";
		};
		E76865A825810BB600D45330 /* LaunchScreen.storyboard */ = {
			isa = PBXVariantGroup;
			children = (
				E76865A925810BB600D45330 /* Base */,
			);
			name = LaunchScreen.storyboard;
			sourceTree = "<group>";
		};
/* End PBXVariantGroup section */

/* Begin XCBuildConfiguration section */
		E76865C425810BB600D45330 /* Debug */ = {
			isa = XCBuildConfiguration;
			buildSettings = {
				ALWAYS_SEARCH_USER_PATHS = NO;
				CLANG_ANALYZER_NONNULL = YES;
				CLANG_ANALYZER_NUMBER_OBJECT_CONVERSION = YES_AGGRESSIVE;
				CLANG_CXX_LANGUAGE_STANDARD = "gnu++14";
				CLANG_CXX_LIBRARY = "libc++";
				CLANG_ENABLE_MODULES = YES;
				CLANG_ENABLE_OBJC_ARC = YES;
				CLANG_ENABLE_OBJC_WEAK = YES;
				CLANG_WARN_BLOCK_CAPTURE_AUTORELEASING = YES;
				CLANG_WARN_BOOL_CONVERSION = YES;
				CLANG_WARN_COMMA = YES;
				CLANG_WARN_CONSTANT_CONVERSION = YES;
				CLANG_WARN_DEPRECATED_OBJC_IMPLEMENTATIONS = YES;
				CLANG_WARN_DIRECT_OBJC_ISA_USAGE = YES_ERROR;
				CLANG_WARN_DOCUMENTATION_COMMENTS = YES;
				CLANG_WARN_EMPTY_BODY = YES;
				CLANG_WARN_ENUM_CONVERSION = YES;
				CLANG_WARN_INFINITE_RECURSION = YES;
				CLANG_WARN_INT_CONVERSION = YES;
				CLANG_WARN_NON_LITERAL_NULL_CONVERSION = YES;
				CLANG_WARN_OBJC_IMPLICIT_RETAIN_SELF = YES;
				CLANG_WARN_OBJC_LITERAL_CONVERSION = YES;
				CLANG_WARN_OBJC_ROOT_CLASS = YES_ERROR;
				CLANG_WARN_QUOTED_INCLUDE_IN_FRAMEWORK_HEADER = YES;
				CLANG_WARN_RANGE_LOOP_ANALYSIS = YES;
				CLANG_WARN_STRICT_PROTOTYPES = YES;
				CLANG_WARN_SUSPICIOUS_MOVE = YES;
				CLANG_WARN_UNGUARDED_AVAILABILITY = YES_AGGRESSIVE;
				CLANG_WARN_UNREACHABLE_CODE = YES;
				CLANG_WARN__DUPLICATE_METHOD_MATCH = YES;
				COPY_PHASE_STRIP = NO;
				DEBUG_INFORMATION_FORMAT = dwarf;
				ENABLE_STRICT_OBJC_MSGSEND = YES;
				ENABLE_TESTABILITY = YES;
				GCC_C_LANGUAGE_STANDARD = gnu11;
				GCC_DYNAMIC_NO_PIC = NO;
				GCC_NO_COMMON_BLOCKS = YES;
				GCC_OPTIMIZATION_LEVEL = 0;
				GCC_PREPROCESSOR_DEFINITIONS = (
					"DEBUG=1",
					"$(inherited)",
				);
				GCC_WARN_64_TO_32_BIT_CONVERSION = YES;
				GCC_WARN_ABOUT_RETURN_TYPE = YES_ERROR;
				GCC_WARN_UNDECLARED_SELECTOR = YES;
				GCC_WARN_UNINITIALIZED_AUTOS = YES_AGGRESSIVE;
				GCC_WARN_UNUSED_FUNCTION = YES;
				GCC_WARN_UNUSED_VARIABLE = YES;
				IPHONEOS_DEPLOYMENT_TARGET = 14.2;
				MTL_ENABLE_DEBUG_INFO = INCLUDE_SOURCE;
				MTL_FAST_MATH = YES;
				ONLY_ACTIVE_ARCH = YES;
				SDKROOT = iphoneos;
			};
			name = Debug;
		};
		E76865C525810BB600D45330 /* Release */ = {
			isa = XCBuildConfiguration;
			buildSettings = {
				ALWAYS_SEARCH_USER_PATHS = NO;
				CLANG_ANALYZER_NONNULL = YES;
				CLANG_ANALYZER_NUMBER_OBJECT_CONVERSION = YES_AGGRESSIVE;
				CLANG_CXX_LANGUAGE_STANDARD = "gnu++14";
				CLANG_CXX_LIBRARY = "libc++";
				CLANG_ENABLE_MODULES = YES;
				CLANG_ENABLE_OBJC_ARC = YES;
				CLANG_ENABLE_OBJC_WEAK = YES;
				CLANG_WARN_BLOCK_CAPTURE_AUTORELEASING = YES;
				CLANG_WARN_BOOL_CONVERSION = YES;
				CLANG_WARN_COMMA = YES;
				CLANG_WARN_CONSTANT_CONVERSION = YES;
				CLANG_WARN_DEPRECATED_OBJC_IMPLEMENTATIONS = YES;
				CLANG_WARN_DIRECT_OBJC_ISA_USAGE = YES_ERROR;
				CLANG_WARN_DOCUMENTATION_COMMENTS = YES;
				CLANG_WARN_EMPTY_BODY = YES;
				CLANG_WARN_ENUM_CONVERSION = YES;
				CLANG_WARN_INFINITE_RECURSION = YES;
				CLANG_WARN_INT_CONVERSION = YES;
				CLANG_WARN_NON_LITERAL_NULL_CONVERSION = YES;
				CLANG_WARN_OBJC_IMPLICIT_RETAIN_SELF = YES;
				CLANG_WARN_OBJC_LITERAL_CONVERSION = YES;
				CLANG_WARN_OBJC_ROOT_CLASS = YES_ERROR;
				CLANG_WARN_QUOTED_INCLUDE_IN_FRAMEWORK_HEADER = YES;
				CLANG_WARN_RANGE_LOOP_ANALYSIS = YES;
				CLANG_WARN_STRICT_PROTOTYPES = YES;
				CLANG_WARN_SUSPICIOUS_MOVE = YES;
				CLANG_WARN_UNGUARDED_AVAILABILITY = YES_AGGRESSIVE;
				CLANG_WARN_UNREACHABLE_CODE = YES;
				CLANG_WARN__DUPLICATE_METHOD_MATCH = YES;
				COPY_PHASE_STRIP = NO;
				DEBUG_INFORMATION_FORMAT = "dwarf-with-dsym";
				ENABLE_NS_ASSERTIONS = NO;
				ENABLE_STRICT_OBJC_MSGSEND = YES;
				GCC_C_LANGUAGE_STANDARD = gnu11;
				GCC_NO_COMMON_BLOCKS = YES;
				GCC_WARN_64_TO_32_BIT_CONVERSION = YES;
				GCC_WARN_ABOUT_RETURN_TYPE = YES_ERROR;
				GCC_WARN_UNDECLARED_SELECTOR = YES;
				GCC_WARN_UNINITIALIZED_AUTOS = YES_AGGRESSIVE;
				GCC_WARN_UNUSED_FUNCTION = YES;
				GCC_WARN_UNUSED_VARIABLE = YES;
				IPHONEOS_DEPLOYMENT_TARGET = 14.2;
				MTL_ENABLE_DEBUG_INFO = NO;
				MTL_FAST_MATH = YES;
				SDKROOT = iphoneos;
				VALIDATE_PRODUCT = YES;
			};
			name = Release;
		};
		E76865C725810BB600D45330 /* Debug */ = {
			isa = XCBuildConfiguration;
			buildSettings = {
				ASSETCATALOG_COMPILER_APPICON_NAME = AppIcon;
				ASSETCATALOG_COMPILER_GLOBAL_ACCENT_COLOR_NAME = AccentColor;
				CODE_SIGN_STYLE = Automatic;
				INFOPLIST_FILE = Weibo/Info.plist;
				LD_RUNPATH_SEARCH_PATHS = (
					"$(inherited)",
					"@executable_path/Frameworks",
				);
				PRODUCT_BUNDLE_IDENTIFIER = com.workuy.www.Weibo;
				PRODUCT_NAME = "$(TARGET_NAME)";
				TARGETED_DEVICE_FAMILY = "1,2";
			};
			name = Debug;
		};
		E76865C825810BB600D45330 /* Release */ = {
			isa = XCBuildConfiguration;
			buildSettings = {
				ASSETCATALOG_COMPILER_APPICON_NAME = AppIcon;
				ASSETCATALOG_COMPILER_GLOBAL_ACCENT_COLOR_NAME = AccentColor;
				CODE_SIGN_STYLE = Automatic;
				INFOPLIST_FILE = Weibo/Info.plist;
				LD_RUNPATH_SEARCH_PATHS = (
					"$(inherited)",
					"@executable_path/Frameworks",
				);
				PRODUCT_BUNDLE_IDENTIFIER = com.workuy.www.Weibo;
				PRODUCT_NAME = "$(TARGET_NAME)";
				TARGETED_DEVICE_FAMILY = "1,2";
			};
			name = Release;
		};
		E76865CA25810BB600D45330 /* Debug */ = {
			isa = XCBuildConfiguration;
			buildSettings = {
				BUNDLE_LOADER = "$(TEST_HOST)";
				CODE_SIGN_STYLE = Automatic;
				INFOPLIST_FILE = WeiboTests/Info.plist;
				IPHONEOS_DEPLOYMENT_TARGET = 14.2;
				LD_RUNPATH_SEARCH_PATHS = (
					"$(inherited)",
					"@executable_path/Frameworks",
					"@loader_path/Frameworks",
				);
				PRODUCT_BUNDLE_IDENTIFIER = com.workuy.www.WeiboTests;
				PRODUCT_NAME = "$(TARGET_NAME)";
				TARGETED_DEVICE_FAMILY = "1,2";
				TEST_HOST = "$(BUILT_PRODUCTS_DIR)/Weibo.app/Weibo";
			};
			name = Debug;
		};
		E76865CB25810BB600D45330 /* Release */ = {
			isa = XCBuildConfiguration;
			buildSettings = {
				BUNDLE_LOADER = "$(TEST_HOST)";
				CODE_SIGN_STYLE = Automatic;
				INFOPLIST_FILE = WeiboTests/Info.plist;
				IPHONEOS_DEPLOYMENT_TARGET = 14.2;
				LD_RUNPATH_SEARCH_PATHS = (
					"$(inherited)",
					"@executable_path/Frameworks",
					"@loader_path/Frameworks",
				);
				PRODUCT_BUNDLE_IDENTIFIER = com.workuy.www.WeiboTests;
				PRODUCT_NAME = "$(TARGET_NAME)";
				TARGETED_DEVICE_FAMILY = "1,2";
				TEST_HOST = "$(BUILT_PRODUCTS_DIR)/Weibo.app/Weibo";
			};
			name = Release;
		};
		E76865CD25810BB600D45330 /* Debug */ = {
			isa = XCBuildConfiguration;
			buildSettings = {
				CODE_SIGN_STYLE = Automatic;
				INFOPLIST_FILE = WeiboUITests/Info.plist;
				LD_RUNPATH_SEARCH_PATHS = (
					"$(inherited)",
					"@executable_path/Frameworks",
					"@loader_path/Frameworks",
				);
				PRODUCT_BUNDLE_IDENTIFIER = com.workuy.www.WeiboUITests;
				PRODUCT_NAME = "$(TARGET_NAME)";
				TARGETED_DEVICE_FAMILY = "1,2";
				TEST_TARGET_NAME = Weibo;
			};
			name = Debug;
		};
		E76865CE25810BB600D45330 /* Release */ = {
			isa = XCBuildConfiguration;
			buildSettings = {
				CODE_SIGN_STYLE = Automatic;
				INFOPLIST_FILE = WeiboUITests/Info.plist;
				LD_RUNPATH_SEARCH_PATHS = (
					"$(inherited)",
					"@executable_path/Frameworks",
					"@loader_path/Frameworks",
				);
				PRODUCT_BUNDLE_IDENTIFIER = com.workuy.www.WeiboUITests;
				PRODUCT_NAME = "$(TARGET_NAME)";
				TARGETED_DEVICE_FAMILY = "1,2";
				TEST_TARGET_NAME = Weibo;
			};
			name = Release;
		};
/* End XCBuildConfiguration section */

/* Begin XCConfigurationList section */
		E768659225810BB500D45330 /* Build configuration list for PBXProject "Weibo" */ = {
			isa = XCConfigurationList;
			buildConfigurations = (
				E76865C425810BB600D45330 /* Debug */,
				E76865C525810BB600D45330 /* Release */,
			);
			defaultConfigurationIsVisible = 0;
			defaultConfigurationName = Release;
		};
		E76865C625810BB600D45330 /* Build configuration list for PBXNativeTarget "Weibo" */ = {
			isa = XCConfigurationList;
			buildConfigurations = (
				E76865C725810BB600D45330 /* Debug */,
				E76865C825810BB600D45330 /* Release */,
			);
			defaultConfigurationIsVisible = 0;
			defaultConfigurationName = Release;
		};
		E76865C925810BB600D45330 /* Build configuration list for PBXNativeTarget "WeiboTests" */ = {
			isa = XCConfigurationList;
			buildConfigurations = (
				E76865CA25810BB600D45330 /* Debug */,
				E76865CB25810BB600D45330 /* Release */,
			);
			defaultConfigurationIsVisible = 0;
			defaultConfigurationName = Release;
		};
		E76865CC25810BB600D45330 /* Build configuration list for PBXNativeTarget "WeiboUITests" */ = {
			isa = XCConfigurationList;
			buildConfigurations = (
				E76865CD25810BB600D45330 /* Debug */,
				E76865CE25810BB600D45330 /* Release */,
			);
			defaultConfigurationIsVisible = 0;
			defaultConfigurationName = Release;
		};
/* End XCConfigurationList section */
	};
	rootObject = E768658F25810BB500D45330 /* Project object */;
}
